
Microsoft Visual Studio Solution File, Format Version 12.00
# Visual Studio Version 17
VisualStudioVersion = 17.6.33829.357
MinimumVisualStudioVersion = 10.0.40219.1
Project("{9A19103F-16F7-4668-BE54-9A1E7A4F7556}") = "BusinessLayer", "BusinessLayer\BusinessLayer.csproj", "{A2ED4349-E2AB-47E0-B188-744604463A3D}"
EndProject
Project("{9A19103F-16F7-4668-BE54-9A1E7A4F7556}") = "ViroCure_API", "ViroCure_API\ViroCure_API.csproj", "{C725A7AB-8045-49C4-A727-19C4E6B1DADA}"
EndProject
Project("{FAE04EC0-301F-11D3-BF4B-00C04F79EFBC}") = "DataAccessLayer", "DataAccessLayer\DataAccessLayer.csproj", "{3567BB64-BA01-4F89-8775-23F619927C1C}"
EndProject
Global
	GlobalSection(SolutionConfigurationPlatforms) = preSolution
		Debug|Any CPU = Debug|Any CPU
		Release|Any CPU = Release|Any CPU
	EndGlobalSection
	GlobalSection(ProjectConfigurationPlatforms) = postSolution
		{A2ED4349-E2AB-47E0-B188-744604463A3D}.Debug|Any CPU.ActiveCfg = Debug|Any CPU
		{A2ED4349-E2AB-47E0-B188-744604463A3D}.Debug|Any CPU.Build.0 = Debug|Any CPU
		{A2ED4349-E2AB-47E0-B188-744604463A3D}.Release|Any CPU.ActiveCfg = Release|Any CPU
		{A2ED4349-E2AB-47E0-B188-744604463A3D}.Release|Any CPU.Build.0 = Release|Any CPU
		{C725A7AB-8045-49C4-A727-19C4E6B1DADA}.Debug|Any CPU.ActiveCfg = Debug|Any CPU
		{C725A7AB-8045-49C4-A727-19C4E6B1DADA}.Debug|Any CPU.Build.0 = Debug|Any CPU
		{C725A7AB-8045-49C4-A727-19C4E6B1DADA}.Release|Any CPU.ActiveCfg = Release|Any CPU
		{C725A7AB-8045-49C4-A727-19C4E6B1DADA}.Release|Any CPU.Build.0 = Release|Any CPU
		{3567BB64-BA01-4F89-8775-23F619927C1C}.Debug|Any CPU.ActiveCfg = Debug|Any CPU
		{3567BB64-BA01-4F89-8775-23F619927C1C}.Debug|Any CPU.Build.0 = Debug|Any CPU
		{3567BB64-BA01-4F89-8775-23F619927C1C}.Release|Any CPU.ActiveCfg = Release|Any CPU
		{3567BB64-BA01-4F89-8775-23F619927C1C}.Release|Any CPU.Build.0 = Release|Any CPU
	EndGlobalSection
	GlobalSection(SolutionProperties) = preSolution
		HideSolutionNode = FALSE
	EndGlobalSection
	GlobalSection(ExtensibilityGlobals) = postSolution
		SolutionGuid = {EB42F78C-7C2F-4E3F-B796-CB371B93C1D9}
	EndGlobalSection
EndGlobal
